
Microsoft Visual Studio Solution File, Format Version 12.00
# Visual Studio Version 17
VisualStudioVersion = 17.14.36603.0 d17.14
MinimumVisualStudioVersion = 10.0.40219.1
Project("{FAE04EC0-301F-11D3-BF4B-00C04F79EFBC}") = "InmobiliariaAPI", "InmobiliariaAPI.csproj", "{DD5F5F46-46E1-43E9-93C5-94A8E22D3AC9}"
EndProject
Global
	GlobalSection(SolutionConfigurationPlatforms) = preSolution
		Debug|Any CPU = Debug|Any CPU
		Release|Any CPU = Release|Any CPU
	EndGlobalSection
	GlobalSection(ProjectConfigurationPlatforms) = postSolution
		{DD5F5F46-46E1-43E9-93C5-94A8E22D3AC9}.Debug|Any CPU.ActiveCfg = Debug|Any CPU
		{DD5F5F46-46E1-43E9-93C5-94A8E22D3AC9}.Debug|Any CPU.Build.0 = Debug|Any CPU
		{DD5F5F46-46E1-43E9-93C5-94A8E22D3AC9}.Release|Any CPU.ActiveCfg = Release|Any CPU
		{DD5F5F46-46E1-43E9-93C5-94A8E22D3AC9}.Release|Any CPU.Build.0 = Release|Any CPU
	EndGlobalSection
	GlobalSection(SolutionProperties) = preSolution
		HideSolutionNode = FALSE
	EndGlobalSection
	GlobalSection(ExtensibilityGlobals) = postSolution
		SolutionGuid = {67C123FF-EDFF-4BB7-AA93-B481404D8915}
	EndGlobalSection
EndGlobal
